{
  "version": 4,
  "terraform_version": "1.3.4",
  "serial": 34,
  "lineage": "b24a7637-9570-cac1-3dc7-7247254608cc",
  "outputs": {
    "server_ip": {
      "value": "143.198.105.53",
      "type": "string"
    }
  },
  "resources": [
    {
      "mode": "data",
      "type": "digitalocean_project",
      "name": "lab_project",
      "provider": "provider[\"registry.terraform.io/digitalocean/digitalocean\"]",
      "instances": [
        {
          "schema_version": 0,
          "attributes": {
            "created_at": "2022-11-03T04:22:28Z",
            "description": "",
            "environment": "",
            "id": "bfcd417e-a02e-41ba-9a17-c31f57aa4799",
            "is_default": false,
            "name": "4640_labs",
            "owner_id": 10262233,
            "owner_uuid": "8a3544eb-2257-4023-a072-31eeac9a7296",
            "purpose": "Class project / Educational purposes",
            "resources": [],
            "updated_at": "2022-11-03T04:22:28Z"
          },
          "sensitive_attributes": []
        }
      ]
    },
    {
      "mode": "data",
      "type": "digitalocean_ssh_key",
      "name": "lab_ssh_key",
      "provider": "provider[\"registry.terraform.io/digitalocean/digitalocean\"]",
      "instances": [
        {
          "schema_version": 0,
          "attributes": {
            "fingerprint": "5a:4e:f0:79:5b:ff:79:62:3c:ea:4c:76:bd:28:63:b8",
            "id": 36665129,
            "name": "River",
            "public_key": "ssh-rsa AAAAB3NzaC1yc2EAAAADAQABAAABgQCmHWPusYdVLqTuHlX5xvixKdj7WLlD0molRseFh7oz1QA9gJeFZIekUjueFRaQrZBLXBF1bkZ92fOKAAq268D3Ziu+yevYu23Sa71Bp7LZVivM+4zTI8bN29Yhq5tQUwYfTSeuNC6USPWtOUGX94hKphC8tK5GbkHLeh1Un9Ti0iF56ZkC1My+gawpA2QF+lFRpOtElTpTevwcuS8yI3xV/7B9hwQJ30RpYj4ZG884ekUQ1HVoXDLVSsnauo34KEcsoZeIJon7E452r6A57KPrnJ31BthkGzcUJXQ7WFMXlGC9/QWubD1aBphI4HrRDtTX/56sPtKSNuNTSt+Yh1dxr2NJpQIpaceqfcj9tOF9NQpdTNE4K2/LI+2xXjfyYBVFvjfTvUKzA4tmmBf+HRG0zakd+URuCfl92poN0Rf4DEHlzD5C52EgAL9lzcSOhdpKio4uvlhohyPqszf91miRd4sU4ITxgV1YaYE/wKtSBHZaR0jmHtil8v9rx1e9ECs= chena@AndrewDesktop-1"
          },
          "sensitive_attributes": []
        }
      ]
    },
    {
      "mode": "managed",
      "type": "digitalocean_droplet",
      "name": "web",
      "provider": "provider[\"registry.terraform.io/digitalocean/digitalocean\"]",
      "instances": [
        {
          "schema_version": 1,
          "attributes": {
            "backups": false,
            "created_at": "2022-11-03T04:25:09Z",
            "disk": 10,
            "droplet_agent": null,
            "graceful_shutdown": false,
            "id": "324227428",
            "image": "rockylinux-9-x64",
            "ipv4_address": "143.198.105.53",
            "ipv4_address_private": "10.124.16.2",
            "ipv6": false,
            "ipv6_address": "",
            "locked": false,
            "memory": 512,
            "monitoring": false,
            "name": "web-1",
            "price_hourly": 0.00595,
            "price_monthly": 4,
            "private_networking": true,
            "region": "sfo3",
            "resize_disk": true,
            "size": "s-1vcpu-512mb-10gb",
            "ssh_keys": [
              "36665129"
            ],
            "status": "active",
            "tags": [
              "Web"
            ],
            "timeouts": null,
            "urn": "do:droplet:324227428",
            "user_data": null,
            "vcpus": 1,
            "volume_ids": [],
            "vpc_uuid": "2fb2f907-a94a-453c-bc1c-00447774ad8d"
          },
          "sensitive_attributes": [],
          "private": "eyJlMmJmYjczMC1lY2FhLTExZTYtOGY4OC0zNDM2M2JjN2M0YzAiOnsiY3JlYXRlIjozNjAwMDAwMDAwMDAwLCJkZWxldGUiOjYwMDAwMDAwMDAwLCJ1cGRhdGUiOjM2MDAwMDAwMDAwMDB9LCJzY2hlbWFfdmVyc2lvbiI6IjEifQ==",
          "dependencies": [
            "data.digitalocean_ssh_key.lab_ssh_key",
            "digitalocean_tag.do_tag",
            "digitalocean_vpc.web_vpc"
          ]
        }
      ]
    },
    {
      "mode": "managed",
      "type": "digitalocean_project_resources",
      "name": "project_attach",
      "provider": "provider[\"registry.terraform.io/digitalocean/digitalocean\"]",
      "instances": [
        {
          "schema_version": 0,
          "attributes": {
            "id": "bfcd417e-a02e-41ba-9a17-c31f57aa4799",
            "project": "bfcd417e-a02e-41ba-9a17-c31f57aa4799",
            "resources": [
              "do:droplet:324227428"
            ]
          },
          "sensitive_attributes": [],
          "private": "bnVsbA==",
          "dependencies": [
            "data.digitalocean_project.lab_project",
            "data.digitalocean_ssh_key.lab_ssh_key",
            "digitalocean_droplet.web",
            "digitalocean_tag.do_tag",
            "digitalocean_vpc.web_vpc"
          ]
        }
      ]
    },
    {
      "mode": "managed",
      "type": "digitalocean_tag",
      "name": "do_tag",
      "provider": "provider[\"registry.terraform.io/digitalocean/digitalocean\"]",
      "instances": [
        {
          "schema_version": 0,
          "attributes": {
            "databases_count": 0,
            "droplets_count": 0,
            "id": "Web",
            "images_count": 0,
            "name": "Web",
            "total_resource_count": 0,
            "volume_snapshots_count": 0,
            "volumes_count": 0
          },
          "sensitive_attributes": [],
          "private": "bnVsbA=="
        }
      ]
    },
    {
      "mode": "managed",
      "type": "digitalocean_vpc",
      "name": "web_vpc",
      "provider": "provider[\"registry.terraform.io/digitalocean/digitalocean\"]",
      "instances": [
        {
          "schema_version": 0,
          "attributes": {
            "created_at": "2022-11-03 04:25:08 +0000 UTC",
            "default": false,
            "description": "",
            "id": "2fb2f907-a94a-453c-bc1c-00447774ad8d",
            "ip_range": "10.124.16.0/20",
            "name": "web",
            "region": "sfo3",
            "timeouts": null,
            "urn": "do:vpc:2fb2f907-a94a-453c-bc1c-00447774ad8d"
          },
          "sensitive_attributes": [],
          "private": "eyJlMmJmYjczMC1lY2FhLTExZTYtOGY4OC0zNDM2M2JjN2M0YzAiOnsiZGVsZXRlIjoxMjAwMDAwMDAwMDB9fQ=="
        }
      ]
    }
  ],
  "check_results": null
}
